// !$*UTF8*$!
{
	archiveVersion = 1;
	classes = {
	};
	objectVersion = 56;
	objects = {

/* Begin PBXBuildFile section */
		A3F30A9B2B986E8100468E38 /* AppDelegate.swift in Sources */ = {isa = PBXBuildFile; fileRef = A3F30A9A2B986E8100468E38 /* AppDelegate.swift */; };
		A3F30A9D2B986E8100468E38 /* SceneDelegate.swift in Sources */ = {isa = PBXBuildFile; fileRef = A3F30A9C2B986E8100468E38 /* SceneDelegate.swift */; };
		A3F30A9F2B986E8100468E38 /* ViewController.swift in Sources */ = {isa = PBXBuildFile; fileRef = A3F30A9E2B986E8100468E38 /* ViewController.swift */; };
		A3F30AA22B986E8100468E38 /* Main.storyboard in Resources */ = {isa = PBXBuildFile; fileRef = A3F30AA02B986E8100468E38 /* Main.storyboard */; };
		A3F30AA42B986E8300468E38 /* Assets.xcassets in Resources */ = {isa = PBXBuildFile; fileRef = A3F30AA32B986E8300468E38 /* Assets.xcassets */; };
		A3F30AA72B986E8300468E38 /* LaunchScreen.storyboard in Resources */ = {isa = PBXBuildFile; fileRef = A3F30AA52B986E8300468E38 /* LaunchScreen.storyboard */; };
		A3F30AB22B986E8300468E38 /* MultitenantNavigationPocTests.swift in Sources */ = {isa = PBXBuildFile; fileRef = A3F30AB12B986E8300468E38 /* MultitenantNavigationPocTests.swift */; };
		A3F30ABC2B986E8300468E38 /* MultitenantNavigationPocUITests.swift in Sources */ = {isa = PBXBuildFile; fileRef = A3F30ABB2B986E8300468E38 /* MultitenantNavigationPocUITests.swift */; };
		A3F30ABE2B986E8300468E38 /* MultitenantNavigationPocUITestsLaunchTests.swift in Sources */ = {isa = PBXBuildFile; fileRef = A3F30ABD2B986E8300468E38 /* MultitenantNavigationPocUITestsLaunchTests.swift */; };
/* End PBXBuildFile section */

/* Begin PBXContainerItemProxy section */
		A3F30AAE2B986E8300468E38 /* PBXContainerItemProxy */ = {
			isa = PBXContainerItemProxy;
			containerPortal = A3F30A8F2B986E8100468E38 /* Project object */;
			proxyType = 1;
			remoteGlobalIDString = A3F30A962B986E8100468E38;
			remoteInfo = MultitenantNavigationPoc;
		};
		A3F30AB82B986E8300468E38 /* PBXContainerItemProxy */ = {
			isa = PBXContainerItemProxy;
			containerPortal = A3F30A8F2B986E8100468E38 /* Project object */;
			proxyType = 1;
			remoteGlobalIDString = A3F30A962B986E8100468E38;
			remoteInfo = MultitenantNavigationPoc;
		};
/* End PBXContainerItemProxy section */

/* Begin PBXFileReference section */
		A3F30A972B986E8100468E38 /* MultitenantNavigationPoc.app */ = {isa = PBXFileReference; explicitFileType = wrapper.application; includeInIndex = 0; path = MultitenantNavigationPoc.app; sourceTree = BUILT_PRODUCTS_DIR; };
		A3F30A9A2B986E8100468E38 /* AppDelegate.swift */ = {isa = PBXFileReference; lastKnownFileType = sourcecode.swift; path = AppDelegate.swift; sourceTree = "<group>"; };
		A3F30A9C2B986E8100468E38 /* SceneDelegate.swift */ = {isa = PBXFileReference; lastKnownFileType = sourcecode.swift; path = SceneDelegate.swift; sourceTree = "<group>"; };
		A3F30A9E2B986E8100468E38 /* ViewController.swift */ = {isa = PBXFileReference; lastKnownFileType = sourcecode.swift; path = ViewController.swift; sourceTree = "<group>"; };
		A3F30AA12B986E8100468E38 /* Base */ = {isa = PBXFileReference; lastKnownFileType = file.storyboard; name = Base; path = Base.lproj/Main.storyboard; sourceTree = "<group>"; };
		A3F30AA32B986E8300468E38 /* Assets.xcassets */ = {isa = PBXFileReference; lastKnownFileType = folder.assetcatalog; path = Assets.xcassets; sourceTree = "<group>"; };
		A3F30AA62B986E8300468E38 /* Base */ = {isa = PBXFileReference; lastKnownFileType = file.storyboard; name = Base; path = Base.lproj/LaunchScreen.storyboard; sourceTree = "<group>"; };
		A3F30AA82B986E8300468E38 /* Info.plist */ = {isa = PBXFileReference; lastKnownFileType = text.plist.xml; path = Info.plist; sourceTree = "<group>"; };
		A3F30AAD2B986E8300468E38 /* MultitenantNavigationPocTests.xctest */ = {isa = PBXFileReference; explicitFileType = wrapper.cfbundle; includeInIndex = 0; path = MultitenantNavigationPocTests.xctest; sourceTree = BUILT_PRODUCTS_DIR; };
		A3F30AB12B986E8300468E38 /* MultitenantNavigationPocTests.swift */ = {isa = PBXFileReference; lastKnownFileType = sourcecode.swift; path = MultitenantNavigationPocTests.swift; sourceTree = "<group>"; };
		A3F30AB72B986E8300468E38 /* MultitenantNavigationPocUITests.xctest */ = {isa = PBXFileReference; explicitFileType = wrapper.cfbundle; includeInIndex = 0; path = MultitenantNavigationPocUITests.xctest; sourceTree = BUILT_PRODUCTS_DIR; };
		A3F30ABB2B986E8300468E38 /* MultitenantNavigationPocUITests.swift */ = {isa = PBXFileReference; lastKnownFileType = sourcecode.swift; path = MultitenantNavigationPocUITests.swift; sourceTree = "<group>"; };
		A3F30ABD2B986E8300468E38 /* MultitenantNavigationPocUITestsLaunchTests.swift */ = {isa = PBXFileReference; lastKnownFileType = sourcecode.swift; path = MultitenantNavigationPocUITestsLaunchTests.swift; sourceTree = "<group>"; };
/* End PBXFileReference section */

/* Begin PBXFrameworksBuildPhase section */
		A3F30A942B986E8100468E38 /* Frameworks */ = {
			isa = PBXFrameworksBuildPhase;
			buildActionMask = 2147483647;
			files = (
			);
			runOnlyForDeploymentPostprocessing = 0;
		};
		A3F30AAA2B986E8300468E38 /* Frameworks */ = {
			isa = PBXFrameworksBuildPhase;
			buildActionMask = 2147483647;
			files = (
			);
			runOnlyForDeploymentPostprocessing = 0;
		};
		A3F30AB42B986E8300468E38 /* Frameworks */ = {
			isa = PBXFrameworksBuildPhase;
			buildActionMask = 2147483647;
			files = (
			);
			runOnlyForDeploymentPostprocessing = 0;
		};
/* End PBXFrameworksBuildPhase section */

/* Begin PBXGroup section */
		A3F30A8E2B986E8100468E38 = {
			isa = PBXGroup;
			children = (
				A3F30A992B986E8100468E38 /* MultitenantNavigationPoc */,
				A3F30AB02B986E8300468E38 /* MultitenantNavigationPocTests */,
				A3F30ABA2B986E8300468E38 /* MultitenantNavigationPocUITests */,
				A3F30A982B986E8100468E38 /* Products */,
			);
			sourceTree = "<group>";
		};
		A3F30A982B986E8100468E38 /* Products */ = {
			isa = PBXGroup;
			children = (
				A3F30A972B986E8100468E38 /* MultitenantNavigationPoc.app */,
				A3F30AAD2B986E8300468E38 /* MultitenantNavigationPocTests.xctest */,
				A3F30AB72B986E8300468E38 /* MultitenantNavigationPocUITests.xctest */,
			);
			name = Products;
			sourceTree = "<group>";
		};
		A3F30A992B986E8100468E38 /* MultitenantNavigationPoc */ = {
			isa = PBXGroup;
			children = (
				A3F30A9A2B986E8100468E38 /* AppDelegate.swift */,
				A3F30A9C2B986E8100468E38 /* SceneDelegate.swift */,
				A3F30A9E2B986E8100468E38 /* ViewController.swift */,
				A3F30AA02B986E8100468E38 /* Main.storyboard */,
				A3F30AA32B986E8300468E38 /* Assets.xcassets */,
				A3F30AA52B986E8300468E38 /* LaunchScreen.storyboard */,
				A3F30AA82B986E8300468E38 /* Info.plist */,
			);
			path = MultitenantNavigationPoc;
			sourceTree = "<group>";
		};
		A3F30AB02B986E8300468E38 /* MultitenantNavigationPocTests */ = {
			isa = PBXGroup;
			children = (
				A3F30AB12B986E8300468E38 /* MultitenantNavigationPocTests.swift */,
			);
			path = MultitenantNavigationPocTests;
			sourceTree = "<group>";
		};
		A3F30ABA2B986E8300468E38 /* MultitenantNavigationPocUITests */ = {
			isa = PBXGroup;
			children = (
				A3F30ABB2B986E8300468E38 /* MultitenantNavigationPocUITests.swift */,
				A3F30ABD2B986E8300468E38 /* MultitenantNavigationPocUITestsLaunchTests.swift */,
			);
			path = MultitenantNavigationPocUITests;
			sourceTree = "<group>";
		};
/* End PBXGroup section */

/* Begin PBXNativeTarget section */
		A3F30A962B986E8100468E38 /* MultitenantNavigationPoc */ = {
			isa = PBXNativeTarget;
			buildConfigurationList = A3F30AC12B986E8300468E38 /* Build configuration list for PBXNativeTarget "MultitenantNavigationPoc" */;
			buildPhases = (
				A3F30A932B986E8100468E38 /* Sources */,
				A3F30A942B986E8100468E38 /* Frameworks */,
				A3F30A952B986E8100468E38 /* Resources */,
			);
			buildRules = (
			);
			dependencies = (
			);
			name = MultitenantNavigationPoc;
			productName = MultitenantNavigationPoc;
			productReference = A3F30A972B986E8100468E38 /* MultitenantNavigationPoc.app */;
			productType = "com.apple.product-type.application";
		};
		A3F30AAC2B986E8300468E38 /* MultitenantNavigationPocTests */ = {
			isa = PBXNativeTarget;
			buildConfigurationList = A3F30AC42B986E8300468E38 /* Build configuration list for PBXNativeTarget "MultitenantNavigationPocTests" */;
			buildPhases = (
				A3F30AA92B986E8300468E38 /* Sources */,
				A3F30AAA2B986E8300468E38 /* Frameworks */,
				A3F30AAB2B986E8300468E38 /* Resources */,
			);
			buildRules = (
			);
			dependencies = (
				A3F30AAF2B986E8300468E38 /* PBXTargetDependency */,
			);
			name = MultitenantNavigationPocTests;
			productName = MultitenantNavigationPocTests;
			productReference = A3F30AAD2B986E8300468E38 /* MultitenantNavigationPocTests.xctest */;
			productType = "com.apple.product-type.bundle.unit-test";
		};
		A3F30AB62B986E8300468E38 /* MultitenantNavigationPocUITests */ = {
			isa = PBXNativeTarget;
			buildConfigurationList = A3F30AC72B986E8300468E38 /* Build configuration list for PBXNativeTarget "MultitenantNavigationPocUITests" */;
			buildPhases = (
				A3F30AB32B986E8300468E38 /* Sources */,
				A3F30AB42B986E8300468E38 /* Frameworks */,
				A3F30AB52B986E8300468E38 /* Resources */,
			);
			buildRules = (
			);
			dependencies = (
				A3F30AB92B986E8300468E38 /* PBXTargetDependency */,
			);
			name = MultitenantNavigationPocUITests;
			productName = MultitenantNavigationPocUITests;
			productReference = A3F30AB72B986E8300468E38 /* MultitenantNavigationPocUITests.xctest */;
			productType = "com.apple.product-type.bundle.ui-testing";
		};
/* End PBXNativeTarget section */

/* Begin PBXProject section */
		A3F30A8F2B986E8100468E38 /* Project object */ = {
			isa = PBXProject;
			attributes = {
				BuildIndependentTargetsInParallel = 1;
				LastSwiftUpdateCheck = 1500;
				LastUpgradeCheck = 1500;
				TargetAttributes = {
					A3F30A962B986E8100468E38 = {
						CreatedOnToolsVersion = 15.0;
					};
					A3F30AAC2B986E8300468E38 = {
						CreatedOnToolsVersion = 15.0;
						TestTargetID = A3F30A962B986E8100468E38;
					};
					A3F30AB62B986E8300468E38 = {
						CreatedOnToolsVersion = 15.0;
						TestTargetID = A3F30A962B986E8100468E38;
					};
				};
			};
			buildConfigurationList = A3F30A922B986E8100468E38 /* Build configuration list for PBXProject "MultitenantNavigationPoc" */;
			compatibilityVersion = "Xcode 14.0";
			developmentRegion = en;
			hasScannedForEncodings = 0;
			knownRegions = (
				en,
				Base,
			);
			mainGroup = A3F30A8E2B986E8100468E38;
			productRefGroup = A3F30A982B986E8100468E38 /* Products */;
			projectDirPath = "";
			projectRoot = "";
			targets = (
				A3F30A962B986E8100468E38 /* MultitenantNavigationPoc */,
				A3F30AAC2B986E8300468E38 /* MultitenantNavigationPocTests */,
				A3F30AB62B986E8300468E38 /* MultitenantNavigationPocUITests */,
			);
		};
/* End PBXProject section */

/* Begin PBXResourcesBuildPhase section */
		A3F30A952B986E8100468E38 /* Resources */ = {
			isa = PBXResourcesBuildPhase;
			buildActionMask = 2147483647;
			files = (
				A3F30AA72B986E8300468E38 /* LaunchScreen.storyboard in Resources */,
				A3F30AA42B986E8300468E38 /* Assets.xcassets in Resources */,
				A3F30AA22B986E8100468E38 /* Main.storyboard in Resources */,
			);
			runOnlyForDeploymentPostprocessing = 0;
		};
		A3F30AAB2B986E8300468E38 /* Resources */ = {
			isa = PBXResourcesBuildPhase;
			buildActionMask = 2147483647;
			files = (
			);
			runOnlyForDeploymentPostprocessing = 0;
		};
		A3F30AB52B986E8300468E38 /* Resources */ = {
			isa = PBXResourcesBuildPhase;
			buildActionMask = 2147483647;
			files = (
			);
			runOnlyForDeploymentPostprocessing = 0;
		};
/* End PBXResourcesBuildPhase section */

/* Begin PBXSourcesBuildPhase section */
		A3F30A932B986E8100468E38 /* Sources */ = {
			isa = PBXSourcesBuildPhase;
			buildActionMask = 2147483647;
			files = (
				A3F30A9F2B986E8100468E38 /* ViewController.swift in Sources */,
				A3F30A9B2B986E8100468E38 /* AppDelegate.swift in Sources */,
				A3F30A9D2B986E8100468E38 /* SceneDelegate.swift in Sources */,
			);
			runOnlyForDeploymentPostprocessing = 0;
		};
		A3F30AA92B986E8300468E38 /* Sources */ = {
			isa = PBXSourcesBuildPhase;
			buildActionMask = 2147483647;
			files = (
				A3F30AB22B986E8300468E38 /* MultitenantNavigationPocTests.swift in Sources */,
			);
			runOnlyForDeploymentPostprocessing = 0;
		};
		A3F30AB32B986E8300468E38 /* Sources */ = {
			isa = PBXSourcesBuildPhase;
			buildActionMask = 2147483647;
			files = (
				A3F30ABC2B986E8300468E38 /* MultitenantNavigationPocUITests.swift in Sources */,
				A3F30ABE2B986E8300468E38 /* MultitenantNavigationPocUITestsLaunchTests.swift in Sources */,
			);
			runOnlyForDeploymentPostprocessing = 0;
		};
/* End PBXSourcesBuildPhase section */

/* Begin PBXTargetDependency section */
		A3F30AAF2B986E8300468E38 /* PBXTargetDependency */ = {
			isa = PBXTargetDependency;
			target = A3F30A962B986E8100468E38 /* MultitenantNavigationPoc */;
			targetProxy = A3F30AAE2B986E8300468E38 /* PBXContainerItemProxy */;
		};
		A3F30AB92B986E8300468E38 /* PBXTargetDependency */ = {
			isa = PBXTargetDependency;
			target = A3F30A962B986E8100468E38 /* MultitenantNavigationPoc */;
			targetProxy = A3F30AB82B986E8300468E38 /* PBXContainerItemProxy */;
		};
/* End PBXTargetDependency section */

/* Begin PBXVariantGroup section */
		A3F30AA02B986E8100468E38 /* Main.storyboard */ = {
			isa = PBXVariantGroup;
			children = (
				A3F30AA12B986E8100468E38 /* Base */,
			);
			name = Main.storyboard;
			sourceTree = "<group>";
		};
		A3F30AA52B986E8300468E38 /* LaunchScreen.storyboard */ = {
			isa = PBXVariantGroup;
			children = (
				A3F30AA62B986E8300468E38 /* Base */,
			);
			name = LaunchScreen.storyboard;
			sourceTree = "<group>";
		};
/* End PBXVariantGroup section */

/* Begin XCBuildConfiguration section */
		A3F30ABF2B986E8300468E38 /* Debug */ = {
			isa = XCBuildConfiguration;
			buildSettings = {
				ALWAYS_SEARCH_USER_PATHS = NO;
				ASSETCATALOG_COMPILER_GENERATE_SWIFT_ASSET_SYMBOL_EXTENSIONS = YES;
				CLANG_ANALYZER_NONNULL = YES;
				CLANG_ANALYZER_NUMBER_OBJECT_CONVERSION = YES_AGGRESSIVE;
				CLANG_CXX_LANGUAGE_STANDARD = "gnu++20";
				CLANG_ENABLE_MODULES = YES;
				CLANG_ENABLE_OBJC_ARC = YES;
				CLANG_ENABLE_OBJC_WEAK = YES;
				CLANG_WARN_BLOCK_CAPTURE_AUTORELEASING = YES;
				CLANG_WARN_BOOL_CONVERSION = YES;
				CLANG_WARN_COMMA = YES;
				CLANG_WARN_CONSTANT_CONVERSION = YES;
				CLANG_WARN_DEPRECATED_OBJC_IMPLEMENTATIONS = YES;
				CLANG_WARN_DIRECT_OBJC_ISA_USAGE = YES_ERROR;
				CLANG_WARN_DOCUMENTATION_COMMENTS = YES;
				CLANG_WARN_EMPTY_BODY = YES;
				CLANG_WARN_ENUM_CONVERSION = YES;
				CLANG_WARN_INFINITE_RECURSION = YES;
				CLANG_WARN_INT_CONVERSION = YES;
				CLANG_WARN_NON_LITERAL_NULL_CONVERSION = YES;
				CLANG_WARN_OBJC_IMPLICIT_RETAIN_SELF = YES;
				CLANG_WARN_OBJC_LITERAL_CONVERSION = YES;
				CLANG_WARN_OBJC_ROOT_CLASS = YES_ERROR;
				CLANG_WARN_QUOTED_INCLUDE_IN_FRAMEWORK_HEADER = YES;
				CLANG_WARN_RANGE_LOOP_ANALYSIS = YES;
				CLANG_WARN_STRICT_PROTOTYPES = YES;
				CLANG_WARN_SUSPICIOUS_MOVE = YES;
				CLANG_WARN_UNGUARDED_AVAILABILITY = YES_AGGRESSIVE;
				CLANG_WARN_UNREACHABLE_CODE = YES;
				CLANG_WARN__DUPLICATE_METHOD_MATCH = YES;
				COPY_PHASE_STRIP = NO;
				DEBUG_INFORMATION_FORMAT = dwarf;
				ENABLE_STRICT_OBJC_MSGSEND = YES;
				ENABLE_TESTABILITY = YES;
				ENABLE_USER_SCRIPT_SANDBOXING = YES;
				GCC_C_LANGUAGE_STANDARD = gnu17;
				GCC_DYNAMIC_NO_PIC = NO;
				GCC_NO_COMMON_BLOCKS = YES;
				GCC_OPTIMIZATION_LEVEL = 0;
				GCC_PREPROCESSOR_DEFINITIONS = (
					"DEBUG=1",
					"$(inherited)",
				);
				GCC_WARN_64_TO_32_BIT_CONVERSION = YES;
				GCC_WARN_ABOUT_RETURN_TYPE = YES_ERROR;
				GCC_WARN_UNDECLARED_SELECTOR = YES;
				GCC_WARN_UNINITIALIZED_AUTOS = YES_AGGRESSIVE;
				GCC_WARN_UNUSED_FUNCTION = YES;
				GCC_WARN_UNUSED_VARIABLE = YES;
				IPHONEOS_DEPLOYMENT_TARGET = 17.0;
				LOCALIZATION_PREFERS_STRING_CATALOGS = YES;
				MTL_ENABLE_DEBUG_INFO = INCLUDE_SOURCE;
				MTL_FAST_MATH = YES;
				ONLY_ACTIVE_ARCH = YES;
				SDKROOT = iphoneos;
				SWIFT_ACTIVE_COMPILATION_CONDITIONS = "DEBUG $(inherited)";
				SWIFT_OPTIMIZATION_LEVEL = "-Onone";
			};
			name = Debug;
		};
		A3F30AC02B986E8300468E38 /* Release */ = {
			isa = XCBuildConfiguration;
			buildSettings = {
				ALWAYS_SEARCH_USER_PATHS = NO;
				ASSETCATALOG_COMPILER_GENERATE_SWIFT_ASSET_SYMBOL_EXTENSIONS = YES;
				CLANG_ANALYZER_NONNULL = YES;
				CLANG_ANALYZER_NUMBER_OBJECT_CONVERSION = YES_AGGRESSIVE;
				CLANG_CXX_LANGUAGE_STANDARD = "gnu++20";
				CLANG_ENABLE_MODULES = YES;
				CLANG_ENABLE_OBJC_ARC = YES;
				CLANG_ENABLE_OBJC_WEAK = YES;
				CLANG_WARN_BLOCK_CAPTURE_AUTORELEASING = YES;
				CLANG_WARN_BOOL_CONVERSION = YES;
				CLANG_WARN_COMMA = YES;
				CLANG_WARN_CONSTANT_CONVERSION = YES;
				CLANG_WARN_DEPRECATED_OBJC_IMPLEMENTATIONS = YES;
				CLANG_WARN_DIRECT_OBJC_ISA_USAGE = YES_ERROR;
				CLANG_WARN_DOCUMENTATION_COMMENTS = YES;
				CLANG_WARN_EMPTY_BODY = YES;
				CLANG_WARN_ENUM_CONVERSION = YES;
				CLANG_WARN_INFINITE_RECURSION = YES;
				CLANG_WARN_INT_CONVERSION = YES;
				CLANG_WARN_NON_LITERAL_NULL_CONVERSION = YES;
				CLANG_WARN_OBJC_IMPLICIT_RETAIN_SELF = YES;
				CLANG_WARN_OBJC_LITERAL_CONVERSION = YES;
				CLANG_WARN_OBJC_ROOT_CLASS = YES_ERROR;
				CLANG_WARN_QUOTED_INCLUDE_IN_FRAMEWORK_HEADER = YES;
				CLANG_WARN_RANGE_LOOP_ANALYSIS = YES;
				CLANG_WARN_STRICT_PROTOTYPES = YES;
				CLANG_WARN_SUSPICIOUS_MOVE = YES;
				CLANG_WARN_UNGUARDED_AVAILABILITY = YES_AGGRESSIVE;
				CLANG_WARN_UNREACHABLE_CODE = YES;
				CLANG_WARN__DUPLICATE_METHOD_MATCH = YES;
				COPY_PHASE_STRIP = NO;
				DEBUG_INFORMATION_FORMAT = "dwarf-with-dsym";
				ENABLE_NS_ASSERTIONS = NO;
				ENABLE_STRICT_OBJC_MSGSEND = YES;
				ENABLE_USER_SCRIPT_SANDBOXING = YES;
				GCC_C_LANGUAGE_STANDARD = gnu17;
				GCC_NO_COMMON_BLOCKS = YES;
				GCC_WARN_64_TO_32_BIT_CONVERSION = YES;
				GCC_WARN_ABOUT_RETURN_TYPE = YES_ERROR;
				GCC_WARN_UNDECLARED_SELECTOR = YES;
				GCC_WARN_UNINITIALIZED_AUTOS = YES_AGGRESSIVE;
				GCC_WARN_UNUSED_FUNCTION = YES;
				GCC_WARN_UNUSED_VARIABLE = YES;
				IPHONEOS_DEPLOYMENT_TARGET = 17.0;
				LOCALIZATION_PREFERS_STRING_CATALOGS = YES;
				MTL_ENABLE_DEBUG_INFO = NO;
				MTL_FAST_MATH = YES;
				SDKROOT = iphoneos;
				SWIFT_COMPILATION_MODE = wholemodule;
				VALIDATE_PRODUCT = YES;
			};
			name = Release;
		};
		A3F30AC22B986E8300468E38 /* Debug */ = {
			isa = XCBuildConfiguration;
			buildSettings = {
				ASSETCATALOG_COMPILER_APPICON_NAME = AppIcon;
				ASSETCATALOG_COMPILER_GLOBAL_ACCENT_COLOR_NAME = AccentColor;
				CODE_SIGN_STYLE = Automatic;
				CURRENT_PROJECT_VERSION = 1;
				DEVELOPMENT_TEAM = 8DURMPUBZ2;
				GENERATE_INFOPLIST_FILE = YES;
				INFOPLIST_FILE = MultitenantNavigationPoc/Info.plist;
				INFOPLIST_KEY_UIApplicationSupportsIndirectInputEvents = YES;
				INFOPLIST_KEY_UILaunchStoryboardName = LaunchScreen;
				INFOPLIST_KEY_UIMainStoryboardFile = Main;
				INFOPLIST_KEY_UISupportedInterfaceOrientations_iPad = "UIInterfaceOrientationPortrait UIInterfaceOrientationPortraitUpsideDown UIInterfaceOrientationLandscapeLeft UIInterfaceOrientationLandscapeRight";
				INFOPLIST_KEY_UISupportedInterfaceOrientations_iPhone = "UIInterfaceOrientationPortrait UIInterfaceOrientationLandscapeLeft UIInterfaceOrientationLandscapeRight";
				LD_RUNPATH_SEARCH_PATHS = (
					"$(inherited)",
					"@executable_path/Frameworks",
				);
				MARKETING_VERSION = 1.0;
				PRODUCT_BUNDLE_IDENTIFIER = com.alex.apostol.MultitenantNavigationPoc;
				PRODUCT_NAME = "$(TARGET_NAME)";
				SWIFT_EMIT_LOC_STRINGS = YES;
				SWIFT_VERSION = 5.0;
				TARGETED_DEVICE_FAMILY = "1,2";
			};
			name = Debug;
		};
		A3F30AC32B986E8300468E38 /* Release */ = {
			isa = XCBuildConfiguration;
			buildSettings = {
				ASSETCATALOG_COMPILER_APPICON_NAME = AppIcon;
				ASSETCATALOG_COMPILER_GLOBAL_ACCENT_COLOR_NAME = AccentColor;
				CODE_SIGN_STYLE = Automatic;
				CURRENT_PROJECT_VERSION = 1;
				DEVELOPMENT_TEAM = 8DURMPUBZ2;
				GENERATE_INFOPLIST_FILE = YES;
				INFOPLIST_FILE = MultitenantNavigationPoc/Info.plist;
				INFOPLIST_KEY_UIApplicationSupportsIndirectInputEvents = YES;
				INFOPLIST_KEY_UILaunchStoryboardName = LaunchScreen;
				INFOPLIST_KEY_UIMainStoryboardFile = Main;
				INFOPLIST_KEY_UISupportedInterfaceOrientations_iPad = "UIInterfaceOrientationPortrait UIInterfaceOrientationPortraitUpsideDown UIInterfaceOrientationLandscapeLeft UIInterfaceOrientationLandscapeRight";
				INFOPLIST_KEY_UISupportedInterfaceOrientations_iPhone = "UIInterfaceOrientationPortrait UIInterfaceOrientationLandscapeLeft UIInterfaceOrientationLandscapeRight";
				LD_RUNPATH_SEARCH_PATHS = (
					"$(inherited)",
					"@executable_path/Frameworks",
				);
				MARKETING_VERSION = 1.0;
				PRODUCT_BUNDLE_IDENTIFIER = com.alex.apostol.MultitenantNavigationPoc;
				PRODUCT_NAME = "$(TARGET_NAME)";
				SWIFT_EMIT_LOC_STRINGS = YES;
				SWIFT_VERSION = 5.0;
				TARGETED_DEVICE_FAMILY = "1,2";
			};
			name = Release;
		};
		A3F30AC52B986E8300468E38 /* Debug */ = {
			isa = XCBuildConfiguration;
			buildSettings = {
				ALWAYS_EMBED_SWIFT_STANDARD_LIBRARIES = YES;
				BUNDLE_LOADER = "$(TEST_HOST)";
				CODE_SIGN_STYLE = Automatic;
				CURRENT_PROJECT_VERSION = 1;
				DEVELOPMENT_TEAM = 8DURMPUBZ2;
				GENERATE_INFOPLIST_FILE = YES;
				IPHONEOS_DEPLOYMENT_TARGET = 17.0;
				MARKETING_VERSION = 1.0;
				PRODUCT_BUNDLE_IDENTIFIER = com.alex.apostol.MultitenantNavigationPocTests;
				PRODUCT_NAME = "$(TARGET_NAME)";
				SWIFT_EMIT_LOC_STRINGS = NO;
				SWIFT_VERSION = 5.0;
				TARGETED_DEVICE_FAMILY = "1,2";
				TEST_HOST = "$(BUILT_PRODUCTS_DIR)/MultitenantNavigationPoc.app/$(BUNDLE_EXECUTABLE_FOLDER_PATH)/MultitenantNavigationPoc";
			};
			name = Debug;
		};
		A3F30AC62B986E8300468E38 /* Release */ = {
			isa = XCBuildConfiguration;
			buildSettings = {
				ALWAYS_EMBED_SWIFT_STANDARD_LIBRARIES = YES;
				BUNDLE_LOADER = "$(TEST_HOST)";
				CODE_SIGN_STYLE = Automatic;
				CURRENT_PROJECT_VERSION = 1;
				DEVELOPMENT_TEAM = 8DURMPUBZ2;
				GENERATE_INFOPLIST_FILE = YES;
				IPHONEOS_DEPLOYMENT_TARGET = 17.0;
				MARKETING_VERSION = 1.0;
				PRODUCT_BUNDLE_IDENTIFIER = com.alex.apostol.MultitenantNavigationPocTests;
				PRODUCT_NAME = "$(TARGET_NAME)";
				SWIFT_EMIT_LOC_STRINGS = NO;
				SWIFT_VERSION = 5.0;
				TARGETED_DEVICE_FAMILY = "1,2";
				TEST_HOST = "$(BUILT_PRODUCTS_DIR)/MultitenantNavigationPoc.app/$(BUNDLE_EXECUTABLE_FOLDER_PATH)/MultitenantNavigationPoc";
			};
			name = Release;
		};
		A3F30AC82B986E8300468E38 /* Debug */ = {
			isa = XCBuildConfiguration;
			buildSettings = {
				ALWAYS_EMBED_SWIFT_STANDARD_LIBRARIES = YES;
				CODE_SIGN_STYLE = Automatic;
				CURRENT_PROJECT_VERSION = 1;
				DEVELOPMENT_TEAM = 8DURMPUBZ2;
				GENERATE_INFOPLIST_FILE = YES;
				MARKETING_VERSION = 1.0;
				PRODUCT_BUNDLE_IDENTIFIER = com.alex.apostol.MultitenantNavigationPocUITests;
				PRODUCT_NAME = "$(TARGET_NAME)";
				SWIFT_EMIT_LOC_STRINGS = NO;
				SWIFT_VERSION = 5.0;
				TARGETED_DEVICE_FAMILY = "1,2";
				TEST_TARGET_NAME = MultitenantNavigationPoc;
			};
			name = Debug;
		};
		A3F30AC92B986E8300468E38 /* Release */ = {
			isa = XCBuildConfiguration;
			buildSettings = {
				ALWAYS_EMBED_SWIFT_STANDARD_LIBRARIES = YES;
				CODE_SIGN_STYLE = Automatic;
				CURRENT_PROJECT_VERSION = 1;
				DEVELOPMENT_TEAM = 8DURMPUBZ2;
				GENERATE_INFOPLIST_FILE = YES;
				MARKETING_VERSION = 1.0;
				PRODUCT_BUNDLE_IDENTIFIER = com.alex.apostol.MultitenantNavigationPocUITests;
				PRODUCT_NAME = "$(TARGET_NAME)";
				SWIFT_EMIT_LOC_STRINGS = NO;
				SWIFT_VERSION = 5.0;
				TARGETED_DEVICE_FAMILY = "1,2";
				TEST_TARGET_NAME = MultitenantNavigationPoc;
			};
			name = Release;
		};
/* End XCBuildConfiguration section */

/* Begin XCConfigurationList section */
		A3F30A922B986E8100468E38 /* Build configuration list for PBXProject "MultitenantNavigationPoc" */ = {
			isa = XCConfigurationList;
			buildConfigurations = (
				A3F30ABF2B986E8300468E38 /* Debug */,
				A3F30AC02B986E8300468E38 /* Release */,
			);
			defaultConfigurationIsVisible = 0;
			defaultConfigurationName = Release;
		};
		A3F30AC12B986E8300468E38 /* Build configuration list for PBXNativeTarget "MultitenantNavigationPoc" */ = {
			isa = XCConfigurationList;
			buildConfigurations = (
				A3F30AC22B986E8300468E38 /* Debug */,
				A3F30AC32B986E8300468E38 /* Release */,
			);
			defaultConfigurationIsVisible = 0;
			defaultConfigurationName = Release;
		};
		A3F30AC42B986E8300468E38 /* Build configuration list for PBXNativeTarget "MultitenantNavigationPocTests" */ = {
			isa = XCConfigurationList;
			buildConfigurations = (
				A3F30AC52B986E8300468E38 /* Debug */,
				A3F30AC62B986E8300468E38 /* Release */,
			);
			defaultConfigurationIsVisible = 0;
			defaultConfigurationName = Release;
		};
		A3F30AC72B986E8300468E38 /* Build configuration list for PBXNativeTarget "MultitenantNavigationPocUITests" */ = {
			isa = XCConfigurationList;
			buildConfigurations = (
				A3F30AC82B986E8300468E38 /* Debug */,
				A3F30AC92B986E8300468E38 /* Release */,
			);
			defaultConfigurationIsVisible = 0;
			defaultConfigurationName = Release;
		};
/* End XCConfigurationList section */
	};
	rootObject = A3F30A8F2B986E8100468E38 /* Project object */;
}
