// !$*UTF8*$!
{
	archiveVersion = 1;
	classes = {
	};
	objectVersion = 56;
	objects = {

/* Begin PBXBuildFile section */
		A346E01B2B98BB8500C9D3F0 /* StateRepository.swift in Sources */ = {isa = PBXBuildFile; fileRef = A346E01A2B98BB8500C9D3F0 /* StateRepository.swift */; };
		A346E0202B98CC0300C9D3F0 /* CheckoutCoordinator.swift in Sources */ = {isa = PBXBuildFile; fileRef = A346E01F2B98CC0300C9D3F0 /* CheckoutCoordinator.swift */; };
		A346E0222B98CC1500C9D3F0 /* CheckoutModule in Frameworks */ = {isa = PBXBuildFile; productRef = A346E0212B98CC1500C9D3F0 /* CheckoutModule */; };
		A3C512A52B9B24E2001DDC92 /* LoginCoordinatorTests.swift in Sources */ = {isa = PBXBuildFile; fileRef = A3C512A42B9B24E2001DDC92 /* LoginCoordinatorTests.swift */; };
		A3C512AA2B9B286D001DDC92 /* CheckoutCoordinatorTests.swift in Sources */ = {isa = PBXBuildFile; fileRef = A3C512A92B9B286D001DDC92 /* CheckoutCoordinatorTests.swift */; };
		A3C512AD2B9CBF60001DDC92 /* CoordinatorTests.swift in Sources */ = {isa = PBXBuildFile; fileRef = A3C512AC2B9CBF60001DDC92 /* CoordinatorTests.swift */; };
		A3F30A9B2B986E8100468E38 /* AppDelegate.swift in Sources */ = {isa = PBXBuildFile; fileRef = A3F30A9A2B986E8100468E38 /* AppDelegate.swift */; };
		A3F30A9D2B986E8100468E38 /* SceneDelegate.swift in Sources */ = {isa = PBXBuildFile; fileRef = A3F30A9C2B986E8100468E38 /* SceneDelegate.swift */; };
		A3F30A9F2B986E8100468E38 /* ViewController.swift in Sources */ = {isa = PBXBuildFile; fileRef = A3F30A9E2B986E8100468E38 /* ViewController.swift */; };
		A3F30AA42B986E8300468E38 /* Assets.xcassets in Resources */ = {isa = PBXBuildFile; fileRef = A3F30AA32B986E8300468E38 /* Assets.xcassets */; };
		A3F30AA72B986E8300468E38 /* LaunchScreen.storyboard in Resources */ = {isa = PBXBuildFile; fileRef = A3F30AA52B986E8300468E38 /* LaunchScreen.storyboard */; };
		A3F30ACD2B986FB800468E38 /* MainViewController.swift in Sources */ = {isa = PBXBuildFile; fileRef = A3F30ACC2B986FB800468E38 /* MainViewController.swift */; };
		A3F30AD02B98712D00468E38 /* MainModuleFactory.swift in Sources */ = {isa = PBXBuildFile; fileRef = A3F30ACF2B98712D00468E38 /* MainModuleFactory.swift */; };
		A3F30AD22B98714600468E38 /* MainModuleViewModel.swift in Sources */ = {isa = PBXBuildFile; fileRef = A3F30AD12B98714600468E38 /* MainModuleViewModel.swift */; };
		A3F30AD52B98718500468E38 /* MainModuleViewOutput.swift in Sources */ = {isa = PBXBuildFile; fileRef = A3F30AD42B98718500468E38 /* MainModuleViewOutput.swift */; };
		A3F30ADA2B98764200468E38 /* Coordinator.swift in Sources */ = {isa = PBXBuildFile; fileRef = A3F30AD92B98764200468E38 /* Coordinator.swift */; };
		A3F30ADD2B98767600468E38 /* MainModuleCoordinator.swift in Sources */ = {isa = PBXBuildFile; fileRef = A3F30ADC2B98767600468E38 /* MainModuleCoordinator.swift */; };
		A3F30AE02B987BAD00468E38 /* MainCoordinatorTests.swift in Sources */ = {isa = PBXBuildFile; fileRef = A3F30ADF2B987BAD00468E38 /* MainCoordinatorTests.swift */; };
		A3F30AE52B98AA8300468E38 /* LoginCoordinator.swift in Sources */ = {isa = PBXBuildFile; fileRef = A3F30AE42B98AA8300468E38 /* LoginCoordinator.swift */; };
		A3F30AE82B98AB1100468E38 /* LoginModule in Frameworks */ = {isa = PBXBuildFile; productRef = A3F30AE72B98AB1100468E38 /* LoginModule */; };
/* End PBXBuildFile section */

/* Begin PBXContainerItemProxy section */
		A3F30AAE2B986E8300468E38 /* PBXContainerItemProxy */ = {
			isa = PBXContainerItemProxy;
			containerPortal = A3F30A8F2B986E8100468E38 /* Project object */;
			proxyType = 1;
			remoteGlobalIDString = A3F30A962B986E8100468E38;
			remoteInfo = MultitenantNavigationPoc;
		};
/* End PBXContainerItemProxy section */

/* Begin PBXFileReference section */
		A346E01A2B98BB8500C9D3F0 /* StateRepository.swift */ = {isa = PBXFileReference; lastKnownFileType = sourcecode.swift; path = StateRepository.swift; sourceTree = "<group>"; };
		A346E01D2B98C3DA00C9D3F0 /* CheckoutModule */ = {isa = PBXFileReference; lastKnownFileType = wrapper; path = CheckoutModule; sourceTree = "<group>"; };
		A346E01F2B98CC0300C9D3F0 /* CheckoutCoordinator.swift */ = {isa = PBXFileReference; lastKnownFileType = sourcecode.swift; path = CheckoutCoordinator.swift; sourceTree = "<group>"; };
		A3C512A42B9B24E2001DDC92 /* LoginCoordinatorTests.swift */ = {isa = PBXFileReference; lastKnownFileType = sourcecode.swift; path = LoginCoordinatorTests.swift; sourceTree = "<group>"; };
		A3C512A92B9B286D001DDC92 /* CheckoutCoordinatorTests.swift */ = {isa = PBXFileReference; lastKnownFileType = sourcecode.swift; path = CheckoutCoordinatorTests.swift; sourceTree = "<group>"; };
		A3C512AC2B9CBF60001DDC92 /* CoordinatorTests.swift */ = {isa = PBXFileReference; lastKnownFileType = sourcecode.swift; path = CoordinatorTests.swift; sourceTree = "<group>"; };
		A3F30A972B986E8100468E38 /* MultitenantNavigationPoc.app */ = {isa = PBXFileReference; explicitFileType = wrapper.application; includeInIndex = 0; path = MultitenantNavigationPoc.app; sourceTree = BUILT_PRODUCTS_DIR; };
		A3F30A9A2B986E8100468E38 /* AppDelegate.swift */ = {isa = PBXFileReference; lastKnownFileType = sourcecode.swift; path = AppDelegate.swift; sourceTree = "<group>"; };
		A3F30A9C2B986E8100468E38 /* SceneDelegate.swift */ = {isa = PBXFileReference; lastKnownFileType = sourcecode.swift; path = SceneDelegate.swift; sourceTree = "<group>"; };
		A3F30A9E2B986E8100468E38 /* ViewController.swift */ = {isa = PBXFileReference; lastKnownFileType = sourcecode.swift; path = ViewController.swift; sourceTree = "<group>"; };
		A3F30AA32B986E8300468E38 /* Assets.xcassets */ = {isa = PBXFileReference; lastKnownFileType = folder.assetcatalog; path = Assets.xcassets; sourceTree = "<group>"; };
		A3F30AA62B986E8300468E38 /* Base */ = {isa = PBXFileReference; lastKnownFileType = file.storyboard; name = Base; path = Base.lproj/LaunchScreen.storyboard; sourceTree = "<group>"; };
		A3F30AA82B986E8300468E38 /* Info.plist */ = {isa = PBXFileReference; lastKnownFileType = text.plist.xml; path = Info.plist; sourceTree = "<group>"; };
		A3F30AAD2B986E8300468E38 /* MultitenantNavigationPocTests.xctest */ = {isa = PBXFileReference; explicitFileType = wrapper.cfbundle; includeInIndex = 0; path = MultitenantNavigationPocTests.xctest; sourceTree = BUILT_PRODUCTS_DIR; };
		A3F30ACC2B986FB800468E38 /* MainViewController.swift */ = {isa = PBXFileReference; lastKnownFileType = sourcecode.swift; path = MainViewController.swift; sourceTree = "<group>"; };
		A3F30ACF2B98712D00468E38 /* MainModuleFactory.swift */ = {isa = PBXFileReference; lastKnownFileType = sourcecode.swift; path = MainModuleFactory.swift; sourceTree = "<group>"; };
		A3F30AD12B98714600468E38 /* MainModuleViewModel.swift */ = {isa = PBXFileReference; lastKnownFileType = sourcecode.swift; path = MainModuleViewModel.swift; sourceTree = "<group>"; };
		A3F30AD42B98718500468E38 /* MainModuleViewOutput.swift */ = {isa = PBXFileReference; lastKnownFileType = sourcecode.swift; path = MainModuleViewOutput.swift; sourceTree = "<group>"; };
		A3F30AD92B98764200468E38 /* Coordinator.swift */ = {isa = PBXFileReference; lastKnownFileType = sourcecode.swift; path = Coordinator.swift; sourceTree = "<group>"; };
		A3F30ADC2B98767600468E38 /* MainModuleCoordinator.swift */ = {isa = PBXFileReference; lastKnownFileType = sourcecode.swift; path = MainModuleCoordinator.swift; sourceTree = "<group>"; };
		A3F30ADE2B987BAC00468E38 /* MultitenantNavigationPocTests-Bridging-Header.h */ = {isa = PBXFileReference; lastKnownFileType = sourcecode.c.h; path = "MultitenantNavigationPocTests-Bridging-Header.h"; sourceTree = "<group>"; };
		A3F30ADF2B987BAD00468E38 /* MainCoordinatorTests.swift */ = {isa = PBXFileReference; lastKnownFileType = sourcecode.swift; path = MainCoordinatorTests.swift; sourceTree = "<group>"; };
		A3F30AE12B988B5800468E38 /* LoginModule */ = {isa = PBXFileReference; lastKnownFileType = wrapper; path = LoginModule; sourceTree = "<group>"; };
		A3F30AE42B98AA8300468E38 /* LoginCoordinator.swift */ = {isa = PBXFileReference; lastKnownFileType = sourcecode.swift; path = LoginCoordinator.swift; sourceTree = "<group>"; };
/* End PBXFileReference section */

/* Begin PBXFrameworksBuildPhase section */
		A3F30A942B986E8100468E38 /* Frameworks */ = {
			isa = PBXFrameworksBuildPhase;
			buildActionMask = 2147483647;
			files = (
				A346E0222B98CC1500C9D3F0 /* CheckoutModule in Frameworks */,
				A3F30AE82B98AB1100468E38 /* LoginModule in Frameworks */,
			);
			runOnlyForDeploymentPostprocessing = 0;
		};
		A3F30AAA2B986E8300468E38 /* Frameworks */ = {
			isa = PBXFrameworksBuildPhase;
			buildActionMask = 2147483647;
			files = (
			);
			runOnlyForDeploymentPostprocessing = 0;
		};
/* End PBXFrameworksBuildPhase section */

/* Begin PBXGroup section */
		A346E0192B98BB7A00C9D3F0 /* StateRepository */ = {
			isa = PBXGroup;
			children = (
				A346E01A2B98BB8500C9D3F0 /* StateRepository.swift */,
			);
			path = StateRepository;
			sourceTree = "<group>";
		};
		A346E01C2B98C3AD00C9D3F0 /* Checkout */ = {
			isa = PBXGroup;
			children = (
				A346E01E2B98CBF800C9D3F0 /* Coordinator */,
				A346E01D2B98C3DA00C9D3F0 /* CheckoutModule */,
			);
			path = Checkout;
			sourceTree = "<group>";
		};
		A346E01E2B98CBF800C9D3F0 /* Coordinator */ = {
			isa = PBXGroup;
			children = (
				A346E01F2B98CC0300C9D3F0 /* CheckoutCoordinator.swift */,
			);
			path = Coordinator;
			sourceTree = "<group>";
		};
		A3C512A62B9B284E001DDC92 /* Main */ = {
			isa = PBXGroup;
			children = (
				A3F30ADF2B987BAD00468E38 /* MainCoordinatorTests.swift */,
			);
			path = Main;
			sourceTree = "<group>";
		};
		A3C512A72B9B2854001DDC92 /* Login */ = {
			isa = PBXGroup;
			children = (
				A3C512A42B9B24E2001DDC92 /* LoginCoordinatorTests.swift */,
			);
			path = Login;
			sourceTree = "<group>";
		};
		A3C512A82B9B285A001DDC92 /* Checkout */ = {
			isa = PBXGroup;
			children = (
				A3C512A92B9B286D001DDC92 /* CheckoutCoordinatorTests.swift */,
			);
			path = Checkout;
			sourceTree = "<group>";
		};
		A3C512AB2B9CBF51001DDC92 /* Coordinator */ = {
			isa = PBXGroup;
			children = (
				A3C512AC2B9CBF60001DDC92 /* CoordinatorTests.swift */,
			);
			path = Coordinator;
			sourceTree = "<group>";
		};
		A3F30A8E2B986E8100468E38 = {
			isa = PBXGroup;
			children = (
				A3F30A992B986E8100468E38 /* MultitenantNavigationPoc */,
				A3F30AB02B986E8300468E38 /* MultitenantNavigationPocTests */,
				A3F30A982B986E8100468E38 /* Products */,
				A3F30AE62B98AB1100468E38 /* Frameworks */,
			);
			sourceTree = "<group>";
		};
		A3F30A982B986E8100468E38 /* Products */ = {
			isa = PBXGroup;
			children = (
				A3F30A972B986E8100468E38 /* MultitenantNavigationPoc.app */,
				A3F30AAD2B986E8300468E38 /* MultitenantNavigationPocTests.xctest */,
			);
			name = Products;
			sourceTree = "<group>";
		};
		A3F30A992B986E8100468E38 /* MultitenantNavigationPoc */ = {
			isa = PBXGroup;
			children = (
				A346E0192B98BB7A00C9D3F0 /* StateRepository */,
				A3F30AD82B98763700468E38 /* Coordinator */,
				A3F30ACA2B986F9700468E38 /* Modules */,
				A3F30A9A2B986E8100468E38 /* AppDelegate.swift */,
				A3F30A9C2B986E8100468E38 /* SceneDelegate.swift */,
				A3F30A9E2B986E8100468E38 /* ViewController.swift */,
				A3F30AA32B986E8300468E38 /* Assets.xcassets */,
				A3F30AA52B986E8300468E38 /* LaunchScreen.storyboard */,
				A3F30AA82B986E8300468E38 /* Info.plist */,
			);
			path = MultitenantNavigationPoc;
			sourceTree = "<group>";
		};
		A3F30AB02B986E8300468E38 /* MultitenantNavigationPocTests */ = {
			isa = PBXGroup;
			children = (
				A3C512AB2B9CBF51001DDC92 /* Coordinator */,
				A3C512A82B9B285A001DDC92 /* Checkout */,
				A3C512A72B9B2854001DDC92 /* Login */,
				A3C512A62B9B284E001DDC92 /* Main */,
				A3F30ADE2B987BAC00468E38 /* MultitenantNavigationPocTests-Bridging-Header.h */,
			);
			path = MultitenantNavigationPocTests;
			sourceTree = "<group>";
		};
		A3F30ACA2B986F9700468E38 /* Modules */ = {
			isa = PBXGroup;
			children = (
				A346E01C2B98C3AD00C9D3F0 /* Checkout */,
				A3F30AE22B98AA5D00468E38 /* Login */,
				A3F30ACB2B986FA000468E38 /* Main */,
			);
			path = Modules;
			sourceTree = "<group>";
		};
		A3F30ACB2B986FA000468E38 /* Main */ = {
			isa = PBXGroup;
			children = (
				A3F30ADB2B98766900468E38 /* Coordinator */,
				A3F30AD32B98717700468E38 /* View */,
				A3F30ACE2B98711700468E38 /* Domain */,
			);
			path = Main;
			sourceTree = "<group>";
		};
		A3F30ACE2B98711700468E38 /* Domain */ = {
			isa = PBXGroup;
			children = (
				A3F30AD62B9871D600468E38 /* Model */,
				A3F30ACF2B98712D00468E38 /* MainModuleFactory.swift */,
			);
			path = Domain;
			sourceTree = "<group>";
		};
		A3F30AD32B98717700468E38 /* View */ = {
			isa = PBXGroup;
			children = (
				A3F30ACC2B986FB800468E38 /* MainViewController.swift */,
				A3F30AD42B98718500468E38 /* MainModuleViewOutput.swift */,
			);
			path = View;
			sourceTree = "<group>";
		};
		A3F30AD62B9871D600468E38 /* Model */ = {
			isa = PBXGroup;
			children = (
				A3F30AD12B98714600468E38 /* MainModuleViewModel.swift */,
			);
			path = Model;
			sourceTree = "<group>";
		};
		A3F30AD82B98763700468E38 /* Coordinator */ = {
			isa = PBXGroup;
			children = (
				A3F30AD92B98764200468E38 /* Coordinator.swift */,
			);
			path = Coordinator;
			sourceTree = "<group>";
		};
		A3F30ADB2B98766900468E38 /* Coordinator */ = {
			isa = PBXGroup;
			children = (
				A3F30ADC2B98767600468E38 /* MainModuleCoordinator.swift */,
			);
			path = Coordinator;
			sourceTree = "<group>";
		};
		A3F30AE22B98AA5D00468E38 /* Login */ = {
			isa = PBXGroup;
			children = (
				A3F30AE32B98AA7800468E38 /* Coordinator */,
				A3F30AE12B988B5800468E38 /* LoginModule */,
			);
			path = Login;
			sourceTree = "<group>";
		};
		A3F30AE32B98AA7800468E38 /* Coordinator */ = {
			isa = PBXGroup;
			children = (
				A3F30AE42B98AA8300468E38 /* LoginCoordinator.swift */,
			);
			path = Coordinator;
			sourceTree = "<group>";
		};
		A3F30AE62B98AB1100468E38 /* Frameworks */ = {
			isa = PBXGroup;
			children = (
			);
			name = Frameworks;
			sourceTree = "<group>";
		};
/* End PBXGroup section */

/* Begin PBXNativeTarget section */
		A3F30A962B986E8100468E38 /* MultitenantNavigationPoc */ = {
			isa = PBXNativeTarget;
			buildConfigurationList = A3F30AC12B986E8300468E38 /* Build configuration list for PBXNativeTarget "MultitenantNavigationPoc" */;
			buildPhases = (
				A3F30A932B986E8100468E38 /* Sources */,
				A3F30A942B986E8100468E38 /* Frameworks */,
				A3F30A952B986E8100468E38 /* Resources */,
			);
			buildRules = (
			);
			dependencies = (
			);
			name = MultitenantNavigationPoc;
			packageProductDependencies = (
				A3F30AE72B98AB1100468E38 /* LoginModule */,
				A346E0212B98CC1500C9D3F0 /* CheckoutModule */,
			);
			productName = MultitenantNavigationPoc;
			productReference = A3F30A972B986E8100468E38 /* MultitenantNavigationPoc.app */;
			productType = "com.apple.product-type.application";
		};
		A3F30AAC2B986E8300468E38 /* MultitenantNavigationPocTests */ = {
			isa = PBXNativeTarget;
			buildConfigurationList = A3F30AC42B986E8300468E38 /* Build configuration list for PBXNativeTarget "MultitenantNavigationPocTests" */;
			buildPhases = (
				A3F30AA92B986E8300468E38 /* Sources */,
				A3F30AAA2B986E8300468E38 /* Frameworks */,
				A3F30AAB2B986E8300468E38 /* Resources */,
			);
			buildRules = (
			);
			dependencies = (
				A3F30AAF2B986E8300468E38 /* PBXTargetDependency */,
			);
			name = MultitenantNavigationPocTests;
			productName = MultitenantNavigationPocTests;
			productReference = A3F30AAD2B986E8300468E38 /* MultitenantNavigationPocTests.xctest */;
			productType = "com.apple.product-type.bundle.unit-test";
		};
/* End PBXNativeTarget section */

/* Begin PBXProject section */
		A3F30A8F2B986E8100468E38 /* Project object */ = {
			isa = PBXProject;
			attributes = {
				BuildIndependentTargetsInParallel = 1;
				LastSwiftUpdateCheck = 1500;
				LastUpgradeCheck = 1500;
				TargetAttributes = {
					A3F30A962B986E8100468E38 = {
						CreatedOnToolsVersion = 15.0;
					};
					A3F30AAC2B986E8300468E38 = {
						CreatedOnToolsVersion = 15.0;
						LastSwiftMigration = 1500;
						TestTargetID = A3F30A962B986E8100468E38;
					};
				};
			};
			buildConfigurationList = A3F30A922B986E8100468E38 /* Build configuration list for PBXProject "MultitenantNavigationPoc" */;
			compatibilityVersion = "Xcode 14.0";
			developmentRegion = en;
			hasScannedForEncodings = 0;
			knownRegions = (
				en,
				Base,
			);
			mainGroup = A3F30A8E2B986E8100468E38;
			productRefGroup = A3F30A982B986E8100468E38 /* Products */;
			projectDirPath = "";
			projectRoot = "";
			targets = (
				A3F30A962B986E8100468E38 /* MultitenantNavigationPoc */,
				A3F30AAC2B986E8300468E38 /* MultitenantNavigationPocTests */,
			);
		};
/* End PBXProject section */

/* Begin PBXResourcesBuildPhase section */
		A3F30A952B986E8100468E38 /* Resources */ = {
			isa = PBXResourcesBuildPhase;
			buildActionMask = 2147483647;
			files = (
				A3F30AA72B986E8300468E38 /* LaunchScreen.storyboard in Resources */,
				A3F30AA42B986E8300468E38 /* Assets.xcassets in Resources */,
			);
			runOnlyForDeploymentPostprocessing = 0;
		};
		A3F30AAB2B986E8300468E38 /* Resources */ = {
			isa = PBXResourcesBuildPhase;
			buildActionMask = 2147483647;
			files = (
			);
			runOnlyForDeploymentPostprocessing = 0;
		};
/* End PBXResourcesBuildPhase section */

/* Begin PBXSourcesBuildPhase section */
		A3F30A932B986E8100468E38 /* Sources */ = {
			isa = PBXSourcesBuildPhase;
			buildActionMask = 2147483647;
			files = (
				A346E01B2B98BB8500C9D3F0 /* StateRepository.swift in Sources */,
				A3F30ADA2B98764200468E38 /* Coordinator.swift in Sources */,
				A346E0202B98CC0300C9D3F0 /* CheckoutCoordinator.swift in Sources */,
				A3F30A9F2B986E8100468E38 /* ViewController.swift in Sources */,
				A3F30AE52B98AA8300468E38 /* LoginCoordinator.swift in Sources */,
				A3F30AD22B98714600468E38 /* MainModuleViewModel.swift in Sources */,
				A3F30A9B2B986E8100468E38 /* AppDelegate.swift in Sources */,
				A3F30A9D2B986E8100468E38 /* SceneDelegate.swift in Sources */,
				A3F30ACD2B986FB800468E38 /* MainViewController.swift in Sources */,
				A3F30AD52B98718500468E38 /* MainModuleViewOutput.swift in Sources */,
				A3F30ADD2B98767600468E38 /* MainModuleCoordinator.swift in Sources */,
				A3F30AD02B98712D00468E38 /* MainModuleFactory.swift in Sources */,
			);
			runOnlyForDeploymentPostprocessing = 0;
		};
		A3F30AA92B986E8300468E38 /* Sources */ = {
			isa = PBXSourcesBuildPhase;
			buildActionMask = 2147483647;
			files = (
				A3C512AD2B9CBF60001DDC92 /* CoordinatorTests.swift in Sources */,
				A3C512A52B9B24E2001DDC92 /* LoginCoordinatorTests.swift in Sources */,
				A3C512AA2B9B286D001DDC92 /* CheckoutCoordinatorTests.swift in Sources */,
				A3F30AE02B987BAD00468E38 /* MainCoordinatorTests.swift in Sources */,
			);
			runOnlyForDeploymentPostprocessing = 0;
		};
/* End PBXSourcesBuildPhase section */

/* Begin PBXTargetDependency section */
		A3F30AAF2B986E8300468E38 /* PBXTargetDependency */ = {
			isa = PBXTargetDependency;
			target = A3F30A962B986E8100468E38 /* MultitenantNavigationPoc */;
			targetProxy = A3F30AAE2B986E8300468E38 /* PBXContainerItemProxy */;
		};
/* End PBXTargetDependency section */

/* Begin PBXVariantGroup section */
		A3F30AA52B986E8300468E38 /* LaunchScreen.storyboard */ = {
			isa = PBXVariantGroup;
			children = (
				A3F30AA62B986E8300468E38 /* Base */,
			);
			name = LaunchScreen.storyboard;
			sourceTree = "<group>";
		};
/* End PBXVariantGroup section */

/* Begin XCBuildConfiguration section */
		A3F30ABF2B986E8300468E38 /* Debug */ = {
			isa = XCBuildConfiguration;
			buildSettings = {
				ALWAYS_SEARCH_USER_PATHS = NO;
				ASSETCATALOG_COMPILER_GENERATE_SWIFT_ASSET_SYMBOL_EXTENSIONS = YES;
				CLANG_ANALYZER_NONNULL = YES;
				CLANG_ANALYZER_NUMBER_OBJECT_CONVERSION = YES_AGGRESSIVE;
				CLANG_CXX_LANGUAGE_STANDARD = "gnu++20";
				CLANG_ENABLE_MODULES = YES;
				CLANG_ENABLE_OBJC_ARC = YES;
				CLANG_ENABLE_OBJC_WEAK = YES;
				CLANG_WARN_BLOCK_CAPTURE_AUTORELEASING = YES;
				CLANG_WARN_BOOL_CONVERSION = YES;
				CLANG_WARN_COMMA = YES;
				CLANG_WARN_CONSTANT_CONVERSION = YES;
				CLANG_WARN_DEPRECATED_OBJC_IMPLEMENTATIONS = YES;
				CLANG_WARN_DIRECT_OBJC_ISA_USAGE = YES_ERROR;
				CLANG_WARN_DOCUMENTATION_COMMENTS = YES;
				CLANG_WARN_EMPTY_BODY = YES;
				CLANG_WARN_ENUM_CONVERSION = YES;
				CLANG_WARN_INFINITE_RECURSION = YES;
				CLANG_WARN_INT_CONVERSION = YES;
				CLANG_WARN_NON_LITERAL_NULL_CONVERSION = YES;
				CLANG_WARN_OBJC_IMPLICIT_RETAIN_SELF = YES;
				CLANG_WARN_OBJC_LITERAL_CONVERSION = YES;
				CLANG_WARN_OBJC_ROOT_CLASS = YES_ERROR;
				CLANG_WARN_QUOTED_INCLUDE_IN_FRAMEWORK_HEADER = YES;
				CLANG_WARN_RANGE_LOOP_ANALYSIS = YES;
				CLANG_WARN_STRICT_PROTOTYPES = YES;
				CLANG_WARN_SUSPICIOUS_MOVE = YES;
				CLANG_WARN_UNGUARDED_AVAILABILITY = YES_AGGRESSIVE;
				CLANG_WARN_UNREACHABLE_CODE = YES;
				CLANG_WARN__DUPLICATE_METHOD_MATCH = YES;
				COPY_PHASE_STRIP = NO;
				DEBUG_INFORMATION_FORMAT = dwarf;
				ENABLE_STRICT_OBJC_MSGSEND = YES;
				ENABLE_TESTABILITY = YES;
				ENABLE_USER_SCRIPT_SANDBOXING = YES;
				GCC_C_LANGUAGE_STANDARD = gnu17;
				GCC_DYNAMIC_NO_PIC = NO;
				GCC_NO_COMMON_BLOCKS = YES;
				GCC_OPTIMIZATION_LEVEL = 0;
				GCC_PREPROCESSOR_DEFINITIONS = (
					"DEBUG=1",
					"$(inherited)",
				);
				GCC_WARN_64_TO_32_BIT_CONVERSION = YES;
				GCC_WARN_ABOUT_RETURN_TYPE = YES_ERROR;
				GCC_WARN_UNDECLARED_SELECTOR = YES;
				GCC_WARN_UNINITIALIZED_AUTOS = YES_AGGRESSIVE;
				GCC_WARN_UNUSED_FUNCTION = YES;
				GCC_WARN_UNUSED_VARIABLE = YES;
				IPHONEOS_DEPLOYMENT_TARGET = 15.0;
				LOCALIZATION_PREFERS_STRING_CATALOGS = YES;
				MTL_ENABLE_DEBUG_INFO = INCLUDE_SOURCE;
				MTL_FAST_MATH = YES;
				ONLY_ACTIVE_ARCH = YES;
				SDKROOT = iphoneos;
				SWIFT_ACTIVE_COMPILATION_CONDITIONS = "DEBUG $(inherited)";
				SWIFT_OPTIMIZATION_LEVEL = "-Onone";
			};
			name = Debug;
		};
		A3F30AC02B986E8300468E38 /* Release */ = {
			isa = XCBuildConfiguration;
			buildSettings = {
				ALWAYS_SEARCH_USER_PATHS = NO;
				ASSETCATALOG_COMPILER_GENERATE_SWIFT_ASSET_SYMBOL_EXTENSIONS = YES;
				CLANG_ANALYZER_NONNULL = YES;
				CLANG_ANALYZER_NUMBER_OBJECT_CONVERSION = YES_AGGRESSIVE;
				CLANG_CXX_LANGUAGE_STANDARD = "gnu++20";
				CLANG_ENABLE_MODULES = YES;
				CLANG_ENABLE_OBJC_ARC = YES;
				CLANG_ENABLE_OBJC_WEAK = YES;
				CLANG_WARN_BLOCK_CAPTURE_AUTORELEASING = YES;
				CLANG_WARN_BOOL_CONVERSION = YES;
				CLANG_WARN_COMMA = YES;
				CLANG_WARN_CONSTANT_CONVERSION = YES;
				CLANG_WARN_DEPRECATED_OBJC_IMPLEMENTATIONS = YES;
				CLANG_WARN_DIRECT_OBJC_ISA_USAGE = YES_ERROR;
				CLANG_WARN_DOCUMENTATION_COMMENTS = YES;
				CLANG_WARN_EMPTY_BODY = YES;
				CLANG_WARN_ENUM_CONVERSION = YES;
				CLANG_WARN_INFINITE_RECURSION = YES;
				CLANG_WARN_INT_CONVERSION = YES;
				CLANG_WARN_NON_LITERAL_NULL_CONVERSION = YES;
				CLANG_WARN_OBJC_IMPLICIT_RETAIN_SELF = YES;
				CLANG_WARN_OBJC_LITERAL_CONVERSION = YES;
				CLANG_WARN_OBJC_ROOT_CLASS = YES_ERROR;
				CLANG_WARN_QUOTED_INCLUDE_IN_FRAMEWORK_HEADER = YES;
				CLANG_WARN_RANGE_LOOP_ANALYSIS = YES;
				CLANG_WARN_STRICT_PROTOTYPES = YES;
				CLANG_WARN_SUSPICIOUS_MOVE = YES;
				CLANG_WARN_UNGUARDED_AVAILABILITY = YES_AGGRESSIVE;
				CLANG_WARN_UNREACHABLE_CODE = YES;
				CLANG_WARN__DUPLICATE_METHOD_MATCH = YES;
				COPY_PHASE_STRIP = NO;
				DEBUG_INFORMATION_FORMAT = "dwarf-with-dsym";
				ENABLE_NS_ASSERTIONS = NO;
				ENABLE_STRICT_OBJC_MSGSEND = YES;
				ENABLE_USER_SCRIPT_SANDBOXING = YES;
				GCC_C_LANGUAGE_STANDARD = gnu17;
				GCC_NO_COMMON_BLOCKS = YES;
				GCC_WARN_64_TO_32_BIT_CONVERSION = YES;
				GCC_WARN_ABOUT_RETURN_TYPE = YES_ERROR;
				GCC_WARN_UNDECLARED_SELECTOR = YES;
				GCC_WARN_UNINITIALIZED_AUTOS = YES_AGGRESSIVE;
				GCC_WARN_UNUSED_FUNCTION = YES;
				GCC_WARN_UNUSED_VARIABLE = YES;
				IPHONEOS_DEPLOYMENT_TARGET = 15.0;
				LOCALIZATION_PREFERS_STRING_CATALOGS = YES;
				MTL_ENABLE_DEBUG_INFO = NO;
				MTL_FAST_MATH = YES;
				SDKROOT = iphoneos;
				SWIFT_COMPILATION_MODE = wholemodule;
				VALIDATE_PRODUCT = YES;
			};
			name = Release;
		};
		A3F30AC22B986E8300468E38 /* Debug */ = {
			isa = XCBuildConfiguration;
			buildSettings = {
				ASSETCATALOG_COMPILER_APPICON_NAME = AppIcon;
				ASSETCATALOG_COMPILER_GLOBAL_ACCENT_COLOR_NAME = AccentColor;
				CODE_SIGN_STYLE = Automatic;
				CURRENT_PROJECT_VERSION = 1;
				DEVELOPMENT_TEAM = 8DURMPUBZ2;
				GENERATE_INFOPLIST_FILE = YES;
				INFOPLIST_FILE = MultitenantNavigationPoc/Info.plist;
				INFOPLIST_KEY_UIApplicationSupportsIndirectInputEvents = YES;
				INFOPLIST_KEY_UILaunchStoryboardName = LaunchScreen;
				INFOPLIST_KEY_UIMainStoryboardFile = "";
				INFOPLIST_KEY_UISupportedInterfaceOrientations = UIInterfaceOrientationPortrait;
				INFOPLIST_KEY_UISupportedInterfaceOrientations_iPad = "UIInterfaceOrientationLandscapeLeft UIInterfaceOrientationLandscapeRight UIInterfaceOrientationPortrait UIInterfaceOrientationPortraitUpsideDown";
				IPHONEOS_DEPLOYMENT_TARGET = 13.0;
				LD_RUNPATH_SEARCH_PATHS = (
					"$(inherited)",
					"@executable_path/Frameworks",
				);
				MARKETING_VERSION = 1.0;
				PRODUCT_BUNDLE_IDENTIFIER = com.alex.apostol.MultitenantNavigationPoc;
				PRODUCT_NAME = "$(TARGET_NAME)";
				SWIFT_EMIT_LOC_STRINGS = YES;
				SWIFT_VERSION = 5.0;
				TARGETED_DEVICE_FAMILY = "1,2";
			};
			name = Debug;
		};
		A3F30AC32B986E8300468E38 /* Release */ = {
			isa = XCBuildConfiguration;
			buildSettings = {
				ASSETCATALOG_COMPILER_APPICON_NAME = AppIcon;
				ASSETCATALOG_COMPILER_GLOBAL_ACCENT_COLOR_NAME = AccentColor;
				CODE_SIGN_STYLE = Automatic;
				CURRENT_PROJECT_VERSION = 1;
				DEVELOPMENT_TEAM = 8DURMPUBZ2;
				GENERATE_INFOPLIST_FILE = YES;
				INFOPLIST_FILE = MultitenantNavigationPoc/Info.plist;
				INFOPLIST_KEY_UIApplicationSupportsIndirectInputEvents = YES;
				INFOPLIST_KEY_UILaunchStoryboardName = LaunchScreen;
				INFOPLIST_KEY_UIMainStoryboardFile = "";
				INFOPLIST_KEY_UISupportedInterfaceOrientations = UIInterfaceOrientationPortrait;
				INFOPLIST_KEY_UISupportedInterfaceOrientations_iPad = "UIInterfaceOrientationLandscapeLeft UIInterfaceOrientationLandscapeRight UIInterfaceOrientationPortrait UIInterfaceOrientationPortraitUpsideDown";
				IPHONEOS_DEPLOYMENT_TARGET = 13.0;
				LD_RUNPATH_SEARCH_PATHS = (
					"$(inherited)",
					"@executable_path/Frameworks",
				);
				MARKETING_VERSION = 1.0;
				PRODUCT_BUNDLE_IDENTIFIER = com.alex.apostol.MultitenantNavigationPoc;
				PRODUCT_NAME = "$(TARGET_NAME)";
				SWIFT_EMIT_LOC_STRINGS = YES;
				SWIFT_VERSION = 5.0;
				TARGETED_DEVICE_FAMILY = "1,2";
			};
			name = Release;
		};
		A3F30AC52B986E8300468E38 /* Debug */ = {
			isa = XCBuildConfiguration;
			buildSettings = {
				ALWAYS_EMBED_SWIFT_STANDARD_LIBRARIES = YES;
				BUNDLE_LOADER = "$(TEST_HOST)";
				CLANG_ENABLE_MODULES = YES;
				CODE_SIGN_STYLE = Automatic;
				CURRENT_PROJECT_VERSION = 1;
				DEVELOPMENT_TEAM = 8DURMPUBZ2;
				GENERATE_INFOPLIST_FILE = YES;
				IPHONEOS_DEPLOYMENT_TARGET = 17.0;
				MARKETING_VERSION = 1.0;
				PRODUCT_BUNDLE_IDENTIFIER = com.alex.apostol.MultitenantNavigationPocTests;
				PRODUCT_NAME = "$(TARGET_NAME)";
				SWIFT_EMIT_LOC_STRINGS = NO;
				SWIFT_OBJC_BRIDGING_HEADER = "MultitenantNavigationPocTests/MultitenantNavigationPocTests-Bridging-Header.h";
				SWIFT_OPTIMIZATION_LEVEL = "-Onone";
				SWIFT_VERSION = 5.0;
				TARGETED_DEVICE_FAMILY = "1,2";
				TEST_HOST = "$(BUILT_PRODUCTS_DIR)/MultitenantNavigationPoc.app/$(BUNDLE_EXECUTABLE_FOLDER_PATH)/MultitenantNavigationPoc";
			};
			name = Debug;
		};
		A3F30AC62B986E8300468E38 /* Release */ = {
			isa = XCBuildConfiguration;
			buildSettings = {
				ALWAYS_EMBED_SWIFT_STANDARD_LIBRARIES = YES;
				BUNDLE_LOADER = "$(TEST_HOST)";
				CLANG_ENABLE_MODULES = YES;
				CODE_SIGN_STYLE = Automatic;
				CURRENT_PROJECT_VERSION = 1;
				DEVELOPMENT_TEAM = 8DURMPUBZ2;
				GENERATE_INFOPLIST_FILE = YES;
				IPHONEOS_DEPLOYMENT_TARGET = 17.0;
				MARKETING_VERSION = 1.0;
				PRODUCT_BUNDLE_IDENTIFIER = com.alex.apostol.MultitenantNavigationPocTests;
				PRODUCT_NAME = "$(TARGET_NAME)";
				SWIFT_EMIT_LOC_STRINGS = NO;
				SWIFT_OBJC_BRIDGING_HEADER = "MultitenantNavigationPocTests/MultitenantNavigationPocTests-Bridging-Header.h";
				SWIFT_VERSION = 5.0;
				TARGETED_DEVICE_FAMILY = "1,2";
				TEST_HOST = "$(BUILT_PRODUCTS_DIR)/MultitenantNavigationPoc.app/$(BUNDLE_EXECUTABLE_FOLDER_PATH)/MultitenantNavigationPoc";
			};
			name = Release;
		};
/* End XCBuildConfiguration section */

/* Begin XCConfigurationList section */
		A3F30A922B986E8100468E38 /* Build configuration list for PBXProject "MultitenantNavigationPoc" */ = {
			isa = XCConfigurationList;
			buildConfigurations = (
				A3F30ABF2B986E8300468E38 /* Debug */,
				A3F30AC02B986E8300468E38 /* Release */,
			);
			defaultConfigurationIsVisible = 0;
			defaultConfigurationName = Release;
		};
		A3F30AC12B986E8300468E38 /* Build configuration list for PBXNativeTarget "MultitenantNavigationPoc" */ = {
			isa = XCConfigurationList;
			buildConfigurations = (
				A3F30AC22B986E8300468E38 /* Debug */,
				A3F30AC32B986E8300468E38 /* Release */,
			);
			defaultConfigurationIsVisible = 0;
			defaultConfigurationName = Release;
		};
		A3F30AC42B986E8300468E38 /* Build configuration list for PBXNativeTarget "MultitenantNavigationPocTests" */ = {
			isa = XCConfigurationList;
			buildConfigurations = (
				A3F30AC52B986E8300468E38 /* Debug */,
				A3F30AC62B986E8300468E38 /* Release */,
			);
			defaultConfigurationIsVisible = 0;
			defaultConfigurationName = Release;
		};
/* End XCConfigurationList section */

/* Begin XCSwiftPackageProductDependency section */
		A346E0212B98CC1500C9D3F0 /* CheckoutModule */ = {
			isa = XCSwiftPackageProductDependency;
			productName = CheckoutModule;
		};
		A3F30AE72B98AB1100468E38 /* LoginModule */ = {
			isa = XCSwiftPackageProductDependency;
			productName = LoginModule;
		};
/* End XCSwiftPackageProductDependency section */
	};
	rootObject = A3F30A8F2B986E8100468E38 /* Project object */;
}
